
Microsoft Visual Studio Solution File, Format Version 12.00
# Visual Studio Version 17
VisualStudioVersion = 17.4.33110.190
MinimumVisualStudioVersion = 10.0.40219.1
Project("{FAE04EC0-301F-11D3-BF4B-00C04F79EFBC}") = "LinkedIn_Api_Beginner", "LinkedIn_Api_Beginner\LinkedIn_Api_Beginner.csproj", "{9DB1E38A-1C58-4338-8AAE-3533C7D386B7}"
EndProject
Global
	GlobalSection(SolutionConfigurationPlatforms) = preSolution
		Debug|Any CPU = Debug|Any CPU
		Release|Any CPU = Release|Any CPU
	EndGlobalSection
	GlobalSection(ProjectConfigurationPlatforms) = postSolution
		{9DB1E38A-1C58-4338-8AAE-3533C7D386B7}.Debug|Any CPU.ActiveCfg = Debug|Any CPU
		{9DB1E38A-1C58-4338-8AAE-3533C7D386B7}.Debug|Any CPU.Build.0 = Debug|Any CPU
		{9DB1E38A-1C58-4338-8AAE-3533C7D386B7}.Release|Any CPU.ActiveCfg = Release|Any CPU
		{9DB1E38A-1C58-4338-8AAE-3533C7D386B7}.Release|Any CPU.Build.0 = Release|Any CPU
	EndGlobalSection
	GlobalSection(SolutionProperties) = preSolution
		HideSolutionNode = FALSE
	EndGlobalSection
	GlobalSection(ExtensibilityGlobals) = postSolution
		SolutionGuid = {98B9A011-F9E4-41A1-A945-ADD631B10BA0}
	EndGlobalSection
EndGlobal
